# This file is autogenerated, do not edit; changes may be undone by the next 'dep ensure'.


[[projects]]
  digest = "1:9f3b30d9f8e0d7040f729b82dcbc8f0dead820a133b3147ce355fc451f32d761"
  name = "github.com/BurntSushi/toml"
  packages = ["."]
  pruneopts = "UT"
  revision = "3012a1dbe2e4bd1391d42b32f0577cb7bbc7f005"
  version = "v0.3.1"

[[projects]]
  branch = "master"
  digest = "1:afbb670e13ded5ecb898186a37965c4580034849e88f63d48196e4f237c64265"
  name = "github.com/alexbrainman/odbc"
  packages = [
    ".",
    "api",
  ]
  pruneopts = "UT"
  revision = "cf37ce29077901df2bcf307b80084697697fee26"

[[projects]]
  branch = "master"
  digest = "1:05756b73bf7eae03d6f6c5f0ae83de42ce296e7d83336563dd9ce2072106d5e6"
  name = "github.com/cloudflare/golz4"
  packages = ["."]
  pruneopts = "UT"
  revision = "ef862a3cdc58a6f1fee4e3af3d44fbe279194cde"

[[projects]]
  digest = "1:ec6f9bf5e274c833c911923c9193867f3f18788c461f76f05f62bb1510e0ae65"
  name = "github.com/go-sql-driver/mysql"
  packages = ["."]
  pruneopts = "UT"
  revision = "72cd26f257d44c1114970e19afddcd812016007e"
  version = "v1.4.1"

[[projects]]
  digest = "1:870d441fe217b8e689d7949fef6e43efbc787e50f200cb1e70dbca9204a1d6be"
  name = "github.com/inconshreveable/mousetrap"
  packages = ["."]
  pruneopts = "UT"
  revision = "76626ae9c91c4f2a10f34cad8ce83ea42c93bb75"
  version = "v1.0"

[[projects]]
  digest = "1:6c41d4f998a03b6604227ccad36edaed6126c397e5d78709ef4814a1145a6757"
  name = "github.com/jmoiron/sqlx"
  packages = [
    ".",
    "reflectx",
  ]
  pruneopts = "UT"
  revision = "d161d7a76b5661016ad0b085869f77fd410f3e6a"
  version = "v1.2.0"

[[projects]]
  digest = "1:ecd9aa82687cf31d1585d4ac61d0ba180e42e8a6182b85bd785fcca8dfeefc1b"
  name = "github.com/joho/godotenv"
  packages = ["."]
  pruneopts = "UT"
  revision = "23d116af351c84513e1946b527c88823e476be13"
  version = "v1.3.0"

[[projects]]
  digest = "1:18110843f1b123fd4368a5e441354a1a8f66f8823516e799c2610eead34f322d"
  name = "github.com/kshvakov/clickhouse"
  packages = [
    ".",
    "lib/binary",
    "lib/cityhash102",
    "lib/column",
    "lib/data",
    "lib/leakypool",
    "lib/lz4",
    "lib/protocol",
    "lib/types",
    "lib/writebuffer",
  ]
  pruneopts = "UT"
  revision = "1d87030de2a38bbe8c05e1b13f5b2f27466fd5a8"
  version = "v1.3.6"

[[projects]]
  digest = "1:bc1c0be40c67b6b4aee09d7508d5a2a52c1c116b1fa43806dad2b0d6b4d4003b"
  name = "github.com/lib/pq"
  packages = [
    ".",
    "oid",
    "scram",
  ]
  pruneopts = "UT"
  revision = "51e2106eed1cea199c802d2a49e91e2491b02056"
  version = "v1.1.0"

[[projects]]
  digest = "1:7eefcb5ac6950b024564839227d2c33322cf924fa5a4931a9456e8423b417c35"
  name = "github.com/pingcap/errors"
  packages = ["."]
  pruneopts = "UT"
  revision = "8abfc136a5aa7f8e997266a3d04a51adeeb07e97"
  version = "v0.11.1"

[[projects]]
  digest = "1:274f67cb6fed9588ea2521ecdac05a6d62a8c51c074c1fccc6a49a40ba80e925"
  name = "github.com/satori/go.uuid"
  packages = ["."]
  pruneopts = "UT"
  revision = "f58768cc1a7a7e77a3bd49e98cdd21419399b6a3"
  version = "v1.2.0"

[[projects]]
  digest = "1:81e02c4edb639c80559c0650f9401d3e2dcc3256d1fa215382bb7c83c1db9126"
  name = "github.com/shopspring/decimal"
  packages = ["."]
  pruneopts = "UT"
  revision = "cd690d0c9e2447b1ef2a129a6b7b49077da89b8e"
  version = "1.1.0"

[[projects]]
  branch = "master"
  digest = "1:3f6747b566bfcdc9803b79e86b19bef07cb432878b37a06687ee9a0898fe399d"
  name = "github.com/siddontang/go"
  packages = ["hack"]
  pruneopts = "UT"
  revision = "bdc77568d726a8702315ec4eafda030b6abc4f43"

[[projects]]
  branch = "master"
  digest = "1:bc145a4c0a8672dbaeb8cd8b0cbf61a83d5715a7da486403a25a7d17cfda9528"
  name = "github.com/siddontang/go-log"
  packages = [
    "log",
    "loggers",
  ]
  pruneopts = "UT"
  revision = "1e957dd83bed18c84716181da7b80d4af48eaefe"

[[projects]]
  branch = "master"
  digest = "1:258ed48c4a7e4ff68820e9a59f6122b3165898c59c7a2dc731d6ed537a6d0856"
  name = "github.com/siddontang/go-mysql"
  packages = [
    "canal",
    "client",
    "dump",
    "mysql",
    "packet",
    "replication",
    "schema",
  ]
  pruneopts = "UT"
  revision = "c6ab05a85eb86dc51a27ceed6d2f366a32874a24"

[[projects]]
  digest = "1:645cabccbb4fa8aab25a956cbcbdf6a6845ca736b2c64e197ca7cbb9d210b939"
  name = "github.com/spf13/cobra"
  packages = ["."]
  pruneopts = "UT"
  revision = "ef82de70bb3f60c65fb8eebacbb2d122ef517385"
  version = "v0.0.3"

[[projects]]
  digest = "1:c1b1102241e7f645bc8e0c22ae352e8f0dc6484b6cb4d132fa9f24174e0119e2"
  name = "github.com/spf13/pflag"
  packages = ["."]
  pruneopts = "UT"
  revision = "298182f68c66c05229eb03ac171abe6e309ee79a"
  version = "v1.0.3"

[[projects]]
  branch = "master"
  digest = "1:d6bb6f3240a488ffe5bb6952b513569d009927dcb20ff94885f87b76cef2b698"
  name = "github.com/streadway/amqp"
  packages = ["."]
  pruneopts = "UT"
  revision = "75d898a42a940fbc854dfd1a4199eabdc00cf024"

[[projects]]
  branch = "master"
  digest = "1:fb896b1eee1aed3338192928a64d8cb82477ab39ccd132a6078b34865d42ea28"
  name = "golang.org/x/sys"
  packages = ["windows"]
  pruneopts = "UT"
  revision = "a129542de9ae0895210abff9c95d67a1f33cb93d"

[[projects]]
  digest = "1:c25289f43ac4a68d88b02245742347c94f1e108c534dda442188015ff80669b3"
  name = "google.golang.org/appengine"
  packages = ["cloudsql"]
  pruneopts = "UT"
  revision = "54a98f90d1c46b7731eb8fb305d2a321c30ef610"
  version = "v1.5.0"

[solve-meta]
  analyzer-name = "dep"
  analyzer-version = 1
  input-imports = [
    "github.com/alexbrainman/odbc",
    "github.com/go-sql-driver/mysql",
    "github.com/jmoiron/sqlx",
    "github.com/joho/godotenv",
    "github.com/kshvakov/clickhouse",
    "github.com/lib/pq",
    "github.com/siddontang/go-log/log",
    "github.com/siddontang/go-mysql/canal",
    "github.com/siddontang/go-mysql/mysql",
    "github.com/siddontang/go-mysql/replication",
    "github.com/spf13/cobra",
    "github.com/streadway/amqp",
  ]
  solver-name = "gps-cdcl"
  solver-version = 1
